# THIS IS AN AUTOGENERATED FILE. DO NOT EDIT THIS FILE DIRECTLY.
# yarn lockfile v1


"@firebase/analytics-types@0.3.0":
  version "0.3.0"
  resolved "https://registry.yarnpkg.com/@firebase/analytics-types/-/analytics-types-0.3.0.tgz#33c3f695313b561d48d18d663a20f20362d3ee7c"

"@firebase/analytics@0.3.2":
  version "0.3.2"
  resolved "https://registry.yarnpkg.com/@firebase/analytics/-/analytics-0.3.2.tgz#af4118d6d8d022ef30b9ce6f8467561badec5c5f"
  dependencies:
    "@firebase/analytics-types" "0.3.0"
    "@firebase/component" "0.1.9"
    "@firebase/installations" "0.4.7"
    "@firebase/logger" "0.2.1"
    "@firebase/util" "0.2.44"
    tslib "1.11.1"

"@firebase/app-types@0.6.0":
  version "0.6.0"
  resolved "https://registry.yarnpkg.com/@firebase/app-types/-/app-types-0.6.0.tgz#8dcc3e793c6983e9d54f7eb623a7618c05f2d94c"

"@firebase/app@0.6.1":
  version "0.6.1"
  resolved "https://registry.yarnpkg.com/@firebase/app/-/app-0.6.1.tgz#ce7d2bb530e1fd0cb2fb74c85509249c783647fe"
  dependencies:
    "@firebase/app-types" "0.6.0"
    "@firebase/component" "0.1.9"
    "@firebase/logger" "0.2.1"
    "@firebase/util" "0.2.44"
    dom-storage "2.1.0"
    tslib "1.11.1"
    xmlhttprequest "1.8.0"

"@firebase/auth-interop-types@0.1.4":
  version "0.1.4"
  resolved "https://registry.yarnpkg.com/@firebase/auth-interop-types/-/auth-interop-types-0.1.4.tgz#e81589f58508630a5bffa604d7c949a0d01ea97b"

"@firebase/auth-types@0.10.0":
  version "0.10.0"
  resolved "https://registry.yarnpkg.com/@firebase/auth-types/-/auth-types-0.10.0.tgz#9403633e723336055fad4bbf5e4c9fe3c55f8d3f"

"@firebase/auth@0.14.2":
  version "0.14.2"
  resolved "https://registry.yarnpkg.com/@firebase/auth/-/auth-0.14.2.tgz#2f5356cd7893ebd26ea6c4a0933eae6f6e0a0aff"
  dependencies:
    "@firebase/auth-types" "0.10.0"

"@firebase/component@0.1.9":
  version "0.1.9"
  resolved "https://registry.yarnpkg.com/@firebase/component/-/component-0.1.9.tgz#738d1a4c79431a1e899df5de7b310eee370d34ed"
  dependencies:
    "@firebase/util" "0.2.44"
    tslib "1.11.1"

"@firebase/database-types@0.5.0":
  version "0.5.0"
  resolved "https://registry.yarnpkg.com/@firebase/database-types/-/database-types-0.5.0.tgz#603a0865c3180a9ffb6f5fa065d156387385a74d"
  dependencies:
    "@firebase/app-types" "0.6.0"

"@firebase/database@0.6.0":
  version "0.6.0"
  resolved "https://registry.yarnpkg.com/@firebase/database/-/database-0.6.0.tgz#48b2d8624da64bd3352290a9c13b478d871d4768"
  dependencies:
    "@firebase/auth-interop-types" "0.1.4"
    "@firebase/component" "0.1.9"
    "@firebase/database-types" "0.5.0"
    "@firebase/logger" "0.2.1"
    "@firebase/util" "0.2.44"
    faye-websocket "0.11.3"
    tslib "1.11.1"

"@firebase/firestore-types@1.10.1":
  version "1.10.1"
  resolved "https://registry.yarnpkg.com/@firebase/firestore-types/-/firestore-types-1.10.1.tgz#bf018f9c495f470592de745389474dc1c2960d3f"

"@firebase/firestore@1.14.0":
  version "1.14.0"
  resolved "https://registry.yarnpkg.com/@firebase/firestore/-/firestore-1.14.0.tgz#28d81327fe22dc88ed127962c1f5d622cc0cdf8a"
  dependencies:
    "@firebase/component" "0.1.9"
    "@firebase/firestore-types" "1.10.1"
    "@firebase/logger" "0.2.1"
    "@firebase/util" "0.2.44"
    "@firebase/webchannel-wrapper" "0.2.38"
    "@grpc/grpc-js" "0.7.5"
    "@grpc/proto-loader" "^0.5.0"
    tslib "1.11.1"

"@firebase/functions-types@0.3.16":
  version "0.3.16"
  resolved "https://registry.yarnpkg.com/@firebase/functions-types/-/functions-types-0.3.16.tgz#be0362d7f61648fdf36a7d95de239eddee88f931"

"@firebase/functions@0.4.40":
  version "0.4.40"
  resolved "https://registry.yarnpkg.com/@firebase/functions/-/functions-0.4.40.tgz#1879af4e3009fd42d5e8d8274ca1e13451a42726"
  dependencies:
    "@firebase/component" "0.1.9"
    "@firebase/functions-types" "0.3.16"
    "@firebase/messaging-types" "0.4.4"
    isomorphic-fetch "2.2.1"
    tslib "1.11.1"

"@firebase/installations-types@0.3.3":
  version "0.3.3"
  resolved "https://registry.yarnpkg.com/@firebase/installations-types/-/installations-types-0.3.3.tgz#f2e49e73afaeb7b352250365d0d90dff0b792592"

"@firebase/installations@0.4.7":
  version "0.4.7"
  resolved "https://registry.yarnpkg.com/@firebase/installations/-/installations-0.4.7.tgz#143d1bfb20fbcd00e826e7afe283527c329e3c25"
  dependencies:
    "@firebase/component" "0.1.9"
    "@firebase/installations-types" "0.3.3"
    "@firebase/util" "0.2.44"
    idb "3.0.2"
    tslib "1.11.1"

"@firebase/logger@0.2.1":
  version "0.2.1"
  resolved "https://registry.yarnpkg.com/@firebase/logger/-/logger-0.2.1.tgz#09cdc5d3fe8ba4ed9bf8d6e6ab2a3b5398bd80bb"

"@firebase/messaging-types@0.4.4":
  version "0.4.4"
  resolved "https://registry.yarnpkg.com/@firebase/messaging-types/-/messaging-types-0.4.4.tgz#bef66157bdd3ddaafd6d48f1c5ee973fdc385f84"

"@firebase/messaging@0.6.12":
  version "0.6.12"
  resolved "https://registry.yarnpkg.com/@firebase/messaging/-/messaging-0.6.12.tgz#db7ccd4b390a3614c7659338750d943ec76711fc"
  dependencies:
    "@firebase/component" "0.1.9"
    "@firebase/installations" "0.4.7"
    "@firebase/messaging-types" "0.4.4"
    "@firebase/util" "0.2.44"
    idb "3.0.2"
    tslib "1.11.1"

"@firebase/performance-types@0.0.12":
  version "0.0.12"
  resolved "https://registry.yarnpkg.com/@firebase/performance-types/-/performance-types-0.0.12.tgz#15fa79e296b502e21054a66c9e7ded59398fd8a7"

"@firebase/performance@0.3.0":
  version "0.3.0"
  resolved "https://registry.yarnpkg.com/@firebase/performance/-/performance-0.3.0.tgz#1393df5c3257c0be188b06e323c4bff6cdd4441c"
  dependencies:
    "@firebase/component" "0.1.9"
    "@firebase/installations" "0.4.7"
    "@firebase/logger" "0.2.1"
    "@firebase/performance-types" "0.0.12"
    "@firebase/util" "0.2.44"
    tslib "1.11.1"

"@firebase/polyfill@0.3.33":
  version "0.3.33"
  resolved "https://registry.yarnpkg.com/@firebase/polyfill/-/polyfill-0.3.33.tgz#93974c68ca092a9210f02b803f5e285e86b547ee"
  dependencies:
    core-js "3.6.4"
    promise-polyfill "8.1.3"
    whatwg-fetch "2.0.4"

"@firebase/remote-config-types@0.1.8":
  version "0.1.8"
  resolved "https://registry.yarnpkg.com/@firebase/remote-config-types/-/remote-config-types-0.1.8.tgz#0c8d8a839621230053ba55704b5d1145bfe54daa"

"@firebase/remote-config@0.1.18":
  version "0.1.18"
  resolved "https://registry.yarnpkg.com/@firebase/remote-config/-/remote-config-0.1.18.tgz#2fb1f7b7f95b263824f5818470c27fb9854d4ac8"
  dependencies:
    "@firebase/component" "0.1.9"
    "@firebase/installations" "0.4.7"
    "@firebase/logger" "0.2.1"
    "@firebase/remote-config-types" "0.1.8"
    "@firebase/util" "0.2.44"
    tslib "1.11.1"

"@firebase/storage-types@0.3.11":
  version "0.3.11"
  resolved "https://registry.yarnpkg.com/@firebase/storage-types/-/storage-types-0.3.11.tgz#98f6ced5460502ab12778ce71d4dc9bf0ab7f2ee"

"@firebase/storage@0.3.31":
  version "0.3.31"
  resolved "https://registry.yarnpkg.com/@firebase/storage/-/storage-0.3.31.tgz#399d8aab883be28ac73c792e6c34b44ba8ee498b"
  dependencies:
    "@firebase/component" "0.1.9"
    "@firebase/storage-types" "0.3.11"
    "@firebase/util" "0.2.44"
    tslib "1.11.1"

"@firebase/util@0.2.44":
  version "0.2.44"
  resolved "https://registry.yarnpkg.com/@firebase/util/-/util-0.2.44.tgz#bdf031f2714761ed6062ba2c32edca9113a339af"
  dependencies:
    tslib "1.11.1"

"@firebase/webchannel-wrapper@0.2.38":
  version "0.2.38"
  resolved "https://registry.yarnpkg.com/@firebase/webchannel-wrapper/-/webchannel-wrapper-0.2.38.tgz#1f0602cd73f7402ffc4d6116c811dfbb652caa73"

"@grpc/grpc-js@0.7.5":
  version "0.7.5"
  resolved "https://registry.yarnpkg.com/@grpc/grpc-js/-/grpc-js-0.7.5.tgz#17bc4565fa753e737b3e172aa93b93b865c69c96"
  dependencies:
    semver "^6.2.0"

"@grpc/proto-loader@^0.5.0":
  version "0.5.4"
  resolved "https://registry.yarnpkg.com/@grpc/proto-loader/-/proto-loader-0.5.4.tgz#038a3820540f621eeb1b05d81fbedfb045e14de0"
  dependencies:
    lodash.camelcase "^4.3.0"
    protobufjs "^6.8.6"

"@protobufjs/aspromise@^1.1.1", "@protobufjs/aspromise@^1.1.2":
  version "1.1.2"
  resolved "https://registry.yarnpkg.com/@protobufjs/aspromise/-/aspromise-1.1.2.tgz#9b8b0cc663d669a7d8f6f5d0893a14d348f30fbf"

"@protobufjs/base64@^1.1.2":
  version "1.1.2"
  resolved "https://registry.yarnpkg.com/@protobufjs/base64/-/base64-1.1.2.tgz#4c85730e59b9a1f1f349047dbf24296034bb2735"

"@protobufjs/codegen@^2.0.4":
  version "2.0.4"
  resolved "https://registry.yarnpkg.com/@protobufjs/codegen/-/codegen-2.0.4.tgz#7ef37f0d010fb028ad1ad59722e506d9262815cb"

"@protobufjs/eventemitter@^1.1.0":
  version "1.1.0"
  resolved "https://registry.yarnpkg.com/@protobufjs/eventemitter/-/eventemitter-1.1.0.tgz#355cbc98bafad5978f9ed095f397621f1d066b70"

"@protobufjs/fetch@^1.1.0":
  version "1.1.0"
  resolved "https://registry.yarnpkg.com/@protobufjs/fetch/-/fetch-1.1.0.tgz#ba99fb598614af65700c1619ff06d454b0d84c45"
  dependencies:
    "@protobufjs/aspromise" "^1.1.1"
    "@protobufjs/inquire" "^1.1.0"

"@protobufjs/float@^1.0.2":
  version "1.0.2"
  resolved "https://registry.yarnpkg.com/@protobufjs/float/-/float-1.0.2.tgz#5e9e1abdcb73fc0a7cb8b291df78c8cbd97b87d1"

"@protobufjs/inquire@^1.1.0":
  version "1.1.0"
  resolved "https://registry.yarnpkg.com/@protobufjs/inquire/-/inquire-1.1.0.tgz#ff200e3e7cf2429e2dcafc1140828e8cc638f089"

"@protobufjs/path@^1.1.2":
  version "1.1.2"
  resolved "https://registry.yarnpkg.com/@protobufjs/path/-/path-1.1.2.tgz#6cc2b20c5c9ad6ad0dccfd21ca7673d8d7fbf68d"

"@protobufjs/pool@^1.1.0":
  version "1.1.0"
  resolved "https://registry.yarnpkg.com/@protobufjs/pool/-/pool-1.1.0.tgz#09fd15f2d6d3abfa9b65bc366506d6ad7846ff54"

"@protobufjs/utf8@^1.1.0":
  version "1.1.0"
  resolved "https://registry.yarnpkg.com/@protobufjs/utf8/-/utf8-1.1.0.tgz#a777360b5b39a1a2e5106f8e858f2fd2d060c570"

"@types/long@^4.0.0":
  version "4.0.1"
  resolved "https://registry.yarnpkg.com/@types/long/-/long-4.0.1.tgz#459c65fa1867dafe6a8f322c4c51695663cc55e9"

"@types/node@^10.1.0":
  version "10.17.19"
  resolved "https://registry.yarnpkg.com/@types/node/-/node-10.17.19.tgz#1d31ddd5503dba2af7a901aafef3392e4955620e"

"@types/prop-types@*":
  version "15.7.3"
  resolved "https://registry.yarnpkg.com/@types/prop-types/-/prop-types-15.7.3.tgz#2ab0d5da2e5815f94b0b9d4b95d1e5f243ab2ca7"

"@types/react@*":
  version "16.9.34"
  resolved "https://registry.yarnpkg.com/@types/react/-/react-16.9.34.tgz#f7d5e331c468f53affed17a8a4d488cd44ea9349"
  dependencies:
    "@types/prop-types" "*"
    csstype "^2.2.0"

core-js@3.6.4:
  version "3.6.4"
  resolved "https://registry.yarnpkg.com/core-js/-/core-js-3.6.4.tgz#440a83536b458114b9cb2ac1580ba377dc470647"

csstype@^2.2.0:
  version "2.6.10"
  resolved "https://registry.yarnpkg.com/csstype/-/csstype-2.6.10.tgz#e63af50e66d7c266edb6b32909cfd0aabe03928b"

dom-storage@2.1.0:
  version "2.1.0"
  resolved "https://registry.yarnpkg.com/dom-storage/-/dom-storage-2.1.0.tgz#00fb868bc9201357ea243c7bcfd3304c1e34ea39"

encoding@^0.1.11:
  version "0.1.12"
  resolved "https://registry.yarnpkg.com/encoding/-/encoding-0.1.12.tgz#538b66f3ee62cd1ab51ec323829d1f9480c74beb"
  dependencies:
    iconv-lite "~0.4.13"

faye-websocket@0.11.3:
  version "0.11.3"
  resolved "https://registry.yarnpkg.com/faye-websocket/-/faye-websocket-0.11.3.tgz#5c0e9a8968e8912c286639fde977a8b209f2508e"
  dependencies:
    websocket-driver ">=0.5.1"

firebase@^7.14.0:
  version "7.14.0"
  resolved "https://registry.yarnpkg.com/firebase/-/firebase-7.14.0.tgz#8a6adfa2fa3200c128bb45e3da029b52917154c8"
  dependencies:
    "@firebase/analytics" "0.3.2"
    "@firebase/app" "0.6.1"
    "@firebase/app-types" "0.6.0"
    "@firebase/auth" "0.14.2"
    "@firebase/database" "0.6.0"
    "@firebase/firestore" "1.14.0"
    "@firebase/functions" "0.4.40"
    "@firebase/installations" "0.4.7"
    "@firebase/messaging" "0.6.12"
    "@firebase/performance" "0.3.0"
    "@firebase/polyfill" "0.3.33"
    "@firebase/remote-config" "0.1.18"
    "@firebase/storage" "0.3.31"
    "@firebase/util" "0.2.44"

"http-parser-js@>=0.4.0 <0.4.11":
  version "0.4.10"
  resolved "https://registry.yarnpkg.com/http-parser-js/-/http-parser-js-0.4.10.tgz#92c9c1374c35085f75db359ec56cc257cbb93fa4"

iconv-lite@~0.4.13:
  version "0.4.24"
  resolved "https://registry.yarnpkg.com/iconv-lite/-/iconv-lite-0.4.24.tgz#2022b4b25fbddc21d2f524974a474aafe733908b"
  dependencies:
    safer-buffer ">= 2.1.2 < 3"

idb@3.0.2:
  version "3.0.2"
  resolved "https://registry.yarnpkg.com/idb/-/idb-3.0.2.tgz#c8e9122d5ddd40f13b60ae665e4862f8b13fa384"

is-stream@^1.0.1:
  version "1.1.0"
  resolved "https://registry.yarnpkg.com/is-stream/-/is-stream-1.1.0.tgz#12d4a3dd4e68e0b79ceb8dbc84173ae80d91ca44"

isomorphic-fetch@2.2.1:
  version "2.2.1"
  resolved "https://registry.yarnpkg.com/isomorphic-fetch/-/isomorphic-fetch-2.2.1.tgz#611ae1acf14f5e81f729507472819fe9733558a9"
  dependencies:
    node-fetch "^1.0.1"
    whatwg-fetch ">=0.10.0"

"js-tokens@^3.0.0 || ^4.0.0":
  version "4.0.0"
  resolved "https://registry.yarnpkg.com/js-tokens/-/js-tokens-4.0.0.tgz#19203fb59991df98e3a287050d4647cdeaf32499"

lodash.camelcase@^4.3.0:
  version "4.3.0"
  resolved "https://registry.yarnpkg.com/lodash.camelcase/-/lodash.camelcase-4.3.0.tgz#b28aa6288a2b9fc651035c7711f65ab6190331a6"

long@^4.0.0:
  version "4.0.0"
  resolved "https://registry.yarnpkg.com/long/-/long-4.0.0.tgz#9a7b71cfb7d361a194ea555241c92f7468d5bf28"

loose-envify@^1.4.0:
  version "1.4.0"
  resolved "https://registry.yarnpkg.com/loose-envify/-/loose-envify-1.4.0.tgz#71ee51fa7be4caec1a63839f7e682d8132d30caf"
  dependencies:
    js-tokens "^3.0.0 || ^4.0.0"

node-fetch@^1.0.1:
  version "1.7.3"
  resolved "https://registry.yarnpkg.com/node-fetch/-/node-fetch-1.7.3.tgz#980f6f72d85211a5347c6b2bc18c5b84c3eb47ef"
  dependencies:
    encoding "^0.1.11"
    is-stream "^1.0.1"

object-assign@^4.1.1:
  version "4.1.1"
  resolved "https://registry.yarnpkg.com/object-assign/-/object-assign-4.1.1.tgz#2109adc7965887cfc05cbbd442cac8bfbb360863"

promise-polyfill@8.1.3:
  version "8.1.3"
  resolved "https://registry.yarnpkg.com/promise-polyfill/-/promise-polyfill-8.1.3.tgz#8c99b3cf53f3a91c68226ffde7bde81d7f904116"

prop-types@^15.6.0:
  version "15.7.2"
  resolved "https://registry.yarnpkg.com/prop-types/-/prop-types-15.7.2.tgz#52c41e75b8c87e72b9d9360e0206b99dcbffa6c5"
  dependencies:
    loose-envify "^1.4.0"
    object-assign "^4.1.1"
    react-is "^16.8.1"

protobufjs@^6.8.6:
  version "6.8.9"
  resolved "https://registry.yarnpkg.com/protobufjs/-/protobufjs-6.8.9.tgz#0b1adbcdaa983d369c3d9108a97c814edc030754"
  dependencies:
    "@protobufjs/aspromise" "^1.1.2"
    "@protobufjs/base64" "^1.1.2"
    "@protobufjs/codegen" "^2.0.4"
    "@protobufjs/eventemitter" "^1.1.0"
    "@protobufjs/fetch" "^1.1.0"
    "@protobufjs/float" "^1.0.2"
    "@protobufjs/inquire" "^1.1.0"
    "@protobufjs/path" "^1.1.2"
    "@protobufjs/pool" "^1.1.0"
    "@protobufjs/utf8" "^1.1.0"
    "@types/long" "^4.0.0"
    "@types/node" "^10.1.0"
    long "^4.0.0"

react-google-login@^5.1.3:
  version "5.1.3"
  resolved "https://registry.yarnpkg.com/react-google-login/-/react-google-login-5.1.3.tgz#be6ce6a77e8502b646ac915242bb79de8b94f91f"
  dependencies:
    "@types/react" "*"
    prop-types "^15.6.0"

react-is@^16.8.1:
  version "16.13.1"
  resolved "https://registry.yarnpkg.com/react-is/-/react-is-16.13.1.tgz#789729a4dc36de2999dc156dd6c1d9c18cea56a4"

safe-buffer@>=5.1.0:
  version "5.2.0"
  resolved "https://registry.yarnpkg.com/safe-buffer/-/safe-buffer-5.2.0.tgz#b74daec49b1148f88c64b68d49b1e815c1f2f519"

"safer-buffer@>= 2.1.2 < 3":
  version "2.1.2"
  resolved "https://registry.yarnpkg.com/safer-buffer/-/safer-buffer-2.1.2.tgz#44fa161b0187b9549dd84bb91802f9bd8385cd6a"

semver@^6.2.0:
  version "6.3.0"
  resolved "https://registry.yarnpkg.com/semver/-/semver-6.3.0.tgz#ee0a64c8af5e8ceea67687b133761e1becbd1d3d"

tslib@1.11.1:
  version "1.11.1"
  resolved "https://registry.yarnpkg.com/tslib/-/tslib-1.11.1.tgz#eb15d128827fbee2841549e171f45ed338ac7e35"

websocket-driver@>=0.5.1:
  version "0.7.3"
  resolved "https://registry.yarnpkg.com/websocket-driver/-/websocket-driver-0.7.3.tgz#a2d4e0d4f4f116f1e6297eba58b05d430100e9f9"
  dependencies:
    http-parser-js ">=0.4.0 <0.4.11"
    safe-buffer ">=5.1.0"
    websocket-extensions ">=0.1.1"

websocket-extensions@>=0.1.1:
  version "0.1.3"
  resolved "https://registry.yarnpkg.com/websocket-extensions/-/websocket-extensions-0.1.3.tgz#5d2ff22977003ec687a4b87073dfbbac146ccf29"

whatwg-fetch@2.0.4:
  version "2.0.4"
  resolved "https://registry.yarnpkg.com/whatwg-fetch/-/whatwg-fetch-2.0.4.tgz#dde6a5df315f9d39991aa17621853d720b85566f"

whatwg-fetch@>=0.10.0:
  version "3.0.0"
  resolved "https://registry.yarnpkg.com/whatwg-fetch/-/whatwg-fetch-3.0.0.tgz#fc804e458cc460009b1a2b966bc8817d2578aefb"

xmlhttprequest@1.8.0:
  version "1.8.0"
  resolved "https://registry.yarnpkg.com/xmlhttprequest/-/xmlhttprequest-1.8.0.tgz#67fe075c5c24fef39f9d65f5f7b7fe75171968fc"
